{
  "name": "sillytavern-every-text-line-editor",
  "version": "0.1.0",
  "lockfileVersion": 3,
  "requires": true,
  "packages": {
    "": {
      "name": "sillytavern-every-text-line-editor",
      "version": "0.1.0",
      "license": "AGPL-3.0",
      "dependencies": {
        "prism-code-editor": "^2.4.1"
      },
      "devDependencies": {
        "typescript": "^5.9.3"
      }
    },
    "node_modules/@types/prismjs": {
      "version": "1.26.6",
      "resolved": "https://registry.npmjs.org/@types/prismjs/-/prismjs-1.26.6.tgz",
      "integrity": "sha512-vqlvI7qlMvcCBbVe0AKAb4f97//Hy0EBTaiW8AalRnG/xAN5zOiWWyrNqNXeq8+KAuvRewjCVY1+IPxk4RdNYw==",
      "license": "MIT"
    },
    "node_modules/prism-code-editor": {
      "version": "2.4.1",
      "resolved": "https://registry.npmjs.org/prism-code-editor/-/prism-code-editor-2.4.1.tgz",
      "integrity": "sha512-ifz8BQhBz1q0eRe1rr4DwQ37y+MCT069n9Rohc4TGTyhfrx5BW4OxvgwjgFeU1ZWhM9pczxYQva4B1z9DBVT6Q==",
      "license": "MIT",
      "dependencies": {
        "@types/prismjs": "^1.26.2"
      }
    },
    "node_modules/typescript": {
      "version": "5.9.3",
      "resolved": "https://registry.npmjs.org/typescript/-/typescript-5.9.3.tgz",
      "integrity": "sha512-jl1vZzPDinLr9eUt3J/t7V6FgNEw9QjvBPdysz9KfQDD41fQrC2Y4vKQdiaUpFT4bXlb1RHhLpp8wtm6M5TgSw==",
      "dev": true,
      "license": "Apache-2.0",
      "bin": {
        "tsc": "bin/tsc",
        "tsserver": "bin/tsserver"
      },
      "engines": {
        "node": ">=14.17"
      }
    }
  }
}
